// !$*UTF8*$!
{
	archiveVersion = 1;
	classes = {
	};
	objectVersion = 56;
	objects = {

/* Begin PBXBuildFile section */
		8CD6B3BB2A090FD600897ACA /* XOGameApp.swift in Sources */ = {isa = PBXBuildFile; fileRef = 8CD6B3BA2A090FD600897ACA /* XOGameApp.swift */; };
		8CD6B3BD2A090FD600897ACA /* StartView.swift in Sources */ = {isa = PBXBuildFile; fileRef = 8CD6B3BC2A090FD600897ACA /* StartView.swift */; };
		8CD6B3BF2A090FD700897ACA /* Assets.xcassets in Resources */ = {isa = PBXBuildFile; fileRef = 8CD6B3BE2A090FD700897ACA /* Assets.xcassets */; };
		8CD6B3C22A090FD700897ACA /* Preview Assets.xcassets in Resources */ = {isa = PBXBuildFile; fileRef = 8CD6B3C12A090FD700897ACA /* Preview Assets.xcassets */; };
		8CD6B3C92A09123400897ACA /* Launch Screen.storyboard in Resources */ = {isa = PBXBuildFile; fileRef = 8CD6B3C82A09123400897ACA /* Launch Screen.storyboard */; };
		8CD6B3CC2A09137700897ACA /* GameModels.swift in Sources */ = {isa = PBXBuildFile; fileRef = 8CD6B3CB2A09137700897ACA /* GameModels.swift */; };
		8CD6B3CF2A091E3F00897ACA /* GameView.swift in Sources */ = {isa = PBXBuildFile; fileRef = 8CD6B3CE2A091E3F00897ACA /* GameView.swift */; };
		8CD6B3D12A092DAE00897ACA /* GameService.swift in Sources */ = {isa = PBXBuildFile; fileRef = 8CD6B3D02A092DAE00897ACA /* GameService.swift */; };
		8CD6B3D32A09368600897ACA /* GameSquare.swift in Sources */ = {isa = PBXBuildFile; fileRef = 8CD6B3D22A09368600897ACA /* GameSquare.swift */; };
		8CD6B3D52A09386100897ACA /* SquareView.swift in Sources */ = {isa = PBXBuildFile; fileRef = 8CD6B3D42A09386100897ACA /* SquareView.swift */; };
/* End PBXBuildFile section */

/* Begin PBXFileReference section */
		8CD6B3B72A090FD600897ACA /* XOGame.app */ = {isa = PBXFileReference; explicitFileType = wrapper.application; includeInIndex = 0; path = XOGame.app; sourceTree = BUILT_PRODUCTS_DIR; };
		8CD6B3BA2A090FD600897ACA /* XOGameApp.swift */ = {isa = PBXFileReference; lastKnownFileType = sourcecode.swift; path = XOGameApp.swift; sourceTree = "<group>"; };
		8CD6B3BC2A090FD600897ACA /* StartView.swift */ = {isa = PBXFileReference; lastKnownFileType = sourcecode.swift; path = StartView.swift; sourceTree = "<group>"; };
		8CD6B3BE2A090FD700897ACA /* Assets.xcassets */ = {isa = PBXFileReference; lastKnownFileType = folder.assetcatalog; path = Assets.xcassets; sourceTree = "<group>"; };
		8CD6B3C12A090FD700897ACA /* Preview Assets.xcassets */ = {isa = PBXFileReference; lastKnownFileType = folder.assetcatalog; path = "Preview Assets.xcassets"; sourceTree = "<group>"; };
		8CD6B3C82A09123400897ACA /* Launch Screen.storyboard */ = {isa = PBXFileReference; lastKnownFileType = file.storyboard; path = "Launch Screen.storyboard"; sourceTree = "<group>"; };
		8CD6B3CB2A09137700897ACA /* GameModels.swift */ = {isa = PBXFileReference; lastKnownFileType = sourcecode.swift; path = GameModels.swift; sourceTree = "<group>"; };
		8CD6B3CE2A091E3F00897ACA /* GameView.swift */ = {isa = PBXFileReference; lastKnownFileType = sourcecode.swift; path = GameView.swift; sourceTree = "<group>"; };
		8CD6B3D02A092DAE00897ACA /* GameService.swift */ = {isa = PBXFileReference; lastKnownFileType = sourcecode.swift; path = GameService.swift; sourceTree = "<group>"; };
		8CD6B3D22A09368600897ACA /* GameSquare.swift */ = {isa = PBXFileReference; lastKnownFileType = sourcecode.swift; path = GameSquare.swift; sourceTree = "<group>"; };
		8CD6B3D42A09386100897ACA /* SquareView.swift */ = {isa = PBXFileReference; lastKnownFileType = sourcecode.swift; path = SquareView.swift; sourceTree = "<group>"; };
/* End PBXFileReference section */

/* Begin PBXFrameworksBuildPhase section */
		8CD6B3B42A090FD600897ACA /* Frameworks */ = {
			isa = PBXFrameworksBuildPhase;
			buildActionMask = 2147483647;
			files = (
			);
			runOnlyForDeploymentPostprocessing = 0;
		};
/* End PBXFrameworksBuildPhase section */

/* Begin PBXGroup section */
		8CD6B3AE2A090FD600897ACA = {
			isa = PBXGroup;
			children = (
				8CD6B3B92A090FD600897ACA /* XOGame */,
				8CD6B3B82A090FD600897ACA /* Products */,
			);
			sourceTree = "<group>";
		};
		8CD6B3B82A090FD600897ACA /* Products */ = {
			isa = PBXGroup;
			children = (
				8CD6B3B72A090FD600897ACA /* XOGame.app */,
			);
			name = Products;
			sourceTree = "<group>";
		};
		8CD6B3B92A090FD600897ACA /* XOGame */ = {
			isa = PBXGroup;
			children = (
				8CD6B3BA2A090FD600897ACA /* XOGameApp.swift */,
				8CD6B3BC2A090FD600897ACA /* StartView.swift */,
				8CD6B3CD2A091E2600897ACA /* GameScreen */,
				8CD6B3CA2A09135800897ACA /* Models */,
				8CD6B3BE2A090FD700897ACA /* Assets.xcassets */,
				8CD6B3C02A090FD700897ACA /* Preview Content */,
				8CD6B3C82A09123400897ACA /* Launch Screen.storyboard */,
			);
			path = XOGame;
			sourceTree = "<group>";
		};
		8CD6B3C02A090FD700897ACA /* Preview Content */ = {
			isa = PBXGroup;
			children = (
				8CD6B3C12A090FD700897ACA /* Preview Assets.xcassets */,
			);
			path = "Preview Content";
			sourceTree = "<group>";
		};
		8CD6B3CA2A09135800897ACA /* Models */ = {
			isa = PBXGroup;
			children = (
				8CD6B3CB2A09137700897ACA /* GameModels.swift */,
			);
			path = Models;
			sourceTree = "<group>";
		};
		8CD6B3CD2A091E2600897ACA /* GameScreen */ = {
			isa = PBXGroup;
			children = (
				8CD6B3CE2A091E3F00897ACA /* GameView.swift */,
				8CD6B3D42A09386100897ACA /* SquareView.swift */,
				8CD6B3D22A09368600897ACA /* GameSquare.swift */,
				8CD6B3D02A092DAE00897ACA /* GameService.swift */,
			);
			path = GameScreen;
			sourceTree = "<group>";
		};
/* End PBXGroup section */

/* Begin PBXNativeTarget section */
		8CD6B3B62A090FD600897ACA /* XOGame */ = {
			isa = PBXNativeTarget;
			buildConfigurationList = 8CD6B3C52A090FD700897ACA /* Build configuration list for PBXNativeTarget "XOGame" */;
			buildPhases = (
				8CD6B3B32A090FD600897ACA /* Sources */,
				8CD6B3B42A090FD600897ACA /* Frameworks */,
				8CD6B3B52A090FD600897ACA /* Resources */,
			);
			buildRules = (
			);
			dependencies = (
			);
			name = XOGame;
			productName = XOGame;
			productReference = 8CD6B3B72A090FD600897ACA /* XOGame.app */;
			productType = "com.apple.product-type.application";
		};
/* End PBXNativeTarget section */

/* Begin PBXProject section */
		8CD6B3AF2A090FD600897ACA /* Project object */ = {
			isa = PBXProject;
			attributes = {
				BuildIndependentTargetsInParallel = 1;
				LastSwiftUpdateCheck = 1430;
				LastUpgradeCheck = 1430;
				TargetAttributes = {
					8CD6B3B62A090FD600897ACA = {
						CreatedOnToolsVersion = 14.3;
					};
				};
			};
			buildConfigurationList = 8CD6B3B22A090FD600897ACA /* Build configuration list for PBXProject "XOGame" */;
			compatibilityVersion = "Xcode 14.0";
			developmentRegion = en;
			hasScannedForEncodings = 0;
			knownRegions = (
				en,
				Base,
			);
			mainGroup = 8CD6B3AE2A090FD600897ACA;
			productRefGroup = 8CD6B3B82A090FD600897ACA /* Products */;
			projectDirPath = "";
			projectRoot = "";
			targets = (
				8CD6B3B62A090FD600897ACA /* XOGame */,
			);
		};
/* End PBXProject section */

/* Begin PBXResourcesBuildPhase section */
		8CD6B3B52A090FD600897ACA /* Resources */ = {
			isa = PBXResourcesBuildPhase;
			buildActionMask = 2147483647;
			files = (
				8CD6B3C92A09123400897ACA /* Launch Screen.storyboard in Resources */,
				8CD6B3C22A090FD700897ACA /* Preview Assets.xcassets in Resources */,
				8CD6B3BF2A090FD700897ACA /* Assets.xcassets in Resources */,
			);
			runOnlyForDeploymentPostprocessing = 0;
		};
/* End PBXResourcesBuildPhase section */

/* Begin PBXSourcesBuildPhase section */
		8CD6B3B32A090FD600897ACA /* Sources */ = {
			isa = PBXSourcesBuildPhase;
			buildActionMask = 2147483647;
			files = (
				8CD6B3BD2A090FD600897ACA /* StartView.swift in Sources */,
				8CD6B3CC2A09137700897ACA /* GameModels.swift in Sources */,
				8CD6B3D32A09368600897ACA /* GameSquare.swift in Sources */,
				8CD6B3D12A092DAE00897ACA /* GameService.swift in Sources */,
				8CD6B3D52A09386100897ACA /* SquareView.swift in Sources */,
				8CD6B3CF2A091E3F00897ACA /* GameView.swift in Sources */,
				8CD6B3BB2A090FD600897ACA /* XOGameApp.swift in Sources */,
			);
			runOnlyForDeploymentPostprocessing = 0;
		};
/* End PBXSourcesBuildPhase section */

/* Begin XCBuildConfiguration section */
		8CD6B3C32A090FD700897ACA /* Debug */ = {
			isa = XCBuildConfiguration;
			buildSettings = {
				ALWAYS_SEARCH_USER_PATHS = NO;
				CLANG_ANALYZER_NONNULL = YES;
				CLANG_ANALYZER_NUMBER_OBJECT_CONVERSION = YES_AGGRESSIVE;
				CLANG_CXX_LANGUAGE_STANDARD = "gnu++20";
				CLANG_ENABLE_MODULES = YES;
				CLANG_ENABLE_OBJC_ARC = YES;
				CLANG_ENABLE_OBJC_WEAK = YES;
				CLANG_WARN_BLOCK_CAPTURE_AUTORELEASING = YES;
				CLANG_WARN_BOOL_CONVERSION = YES;
				CLANG_WARN_COMMA = YES;
				CLANG_WARN_CONSTANT_CONVERSION = YES;
				CLANG_WARN_DEPRECATED_OBJC_IMPLEMENTATIONS = YES;
				CLANG_WARN_DIRECT_OBJC_ISA_USAGE = YES_ERROR;
				CLANG_WARN_DOCUMENTATION_COMMENTS = YES;
				CLANG_WARN_EMPTY_BODY = YES;
				CLANG_WARN_ENUM_CONVERSION = YES;
				CLANG_WARN_INFINITE_RECURSION = YES;
				CLANG_WARN_INT_CONVERSION = YES;
				CLANG_WARN_NON_LITERAL_NULL_CONVERSION = YES;
				CLANG_WARN_OBJC_IMPLICIT_RETAIN_SELF = YES;
				CLANG_WARN_OBJC_LITERAL_CONVERSION = YES;
				CLANG_WARN_OBJC_ROOT_CLASS = YES_ERROR;
				CLANG_WARN_QUOTED_INCLUDE_IN_FRAMEWORK_HEADER = YES;
				CLANG_WARN_RANGE_LOOP_ANALYSIS = YES;
				CLANG_WARN_STRICT_PROTOTYPES = YES;
				CLANG_WARN_SUSPICIOUS_MOVE = YES;
				CLANG_WARN_UNGUARDED_AVAILABILITY = YES_AGGRESSIVE;
				CLANG_WARN_UNREACHABLE_CODE = YES;
				CLANG_WARN__DUPLICATE_METHOD_MATCH = YES;
				COPY_PHASE_STRIP = NO;
				DEBUG_INFORMATION_FORMAT = dwarf;
				ENABLE_STRICT_OBJC_MSGSEND = YES;
				ENABLE_TESTABILITY = YES;
				GCC_C_LANGUAGE_STANDARD = gnu11;
				GCC_DYNAMIC_NO_PIC = NO;
				GCC_NO_COMMON_BLOCKS = YES;
				GCC_OPTIMIZATION_LEVEL = 0;
				GCC_PREPROCESSOR_DEFINITIONS = (
					"DEBUG=1",
					"$(inherited)",
				);
				GCC_WARN_64_TO_32_BIT_CONVERSION = YES;
				GCC_WARN_ABOUT_RETURN_TYPE = YES_ERROR;
				GCC_WARN_UNDECLARED_SELECTOR = YES;
				GCC_WARN_UNINITIALIZED_AUTOS = YES_AGGRESSIVE;
				GCC_WARN_UNUSED_FUNCTION = YES;
				GCC_WARN_UNUSED_VARIABLE = YES;
				IPHONEOS_DEPLOYMENT_TARGET = 16.0;
				MTL_ENABLE_DEBUG_INFO = INCLUDE_SOURCE;
				MTL_FAST_MATH = YES;
				ONLY_ACTIVE_ARCH = YES;
				SDKROOT = iphoneos;
				SWIFT_ACTIVE_COMPILATION_CONDITIONS = DEBUG;
				SWIFT_OPTIMIZATION_LEVEL = "-Onone";
			};
			name = Debug;
		};
		8CD6B3C42A090FD700897ACA /* Release */ = {
			isa = XCBuildConfiguration;
			buildSettings = {
				ALWAYS_SEARCH_USER_PATHS = NO;
				CLANG_ANALYZER_NONNULL = YES;
				CLANG_ANALYZER_NUMBER_OBJECT_CONVERSION = YES_AGGRESSIVE;
				CLANG_CXX_LANGUAGE_STANDARD = "gnu++20";
				CLANG_ENABLE_MODULES = YES;
				CLANG_ENABLE_OBJC_ARC = YES;
				CLANG_ENABLE_OBJC_WEAK = YES;
				CLANG_WARN_BLOCK_CAPTURE_AUTORELEASING = YES;
				CLANG_WARN_BOOL_CONVERSION = YES;
				CLANG_WARN_COMMA = YES;
				CLANG_WARN_CONSTANT_CONVERSION = YES;
				CLANG_WARN_DEPRECATED_OBJC_IMPLEMENTATIONS = YES;
				CLANG_WARN_DIRECT_OBJC_ISA_USAGE = YES_ERROR;
				CLANG_WARN_DOCUMENTATION_COMMENTS = YES;
				CLANG_WARN_EMPTY_BODY = YES;
				CLANG_WARN_ENUM_CONVERSION = YES;
				CLANG_WARN_INFINITE_RECURSION = YES;
				CLANG_WARN_INT_CONVERSION = YES;
				CLANG_WARN_NON_LITERAL_NULL_CONVERSION = YES;
				CLANG_WARN_OBJC_IMPLICIT_RETAIN_SELF = YES;
				CLANG_WARN_OBJC_LITERAL_CONVERSION = YES;
				CLANG_WARN_OBJC_ROOT_CLASS = YES_ERROR;
				CLANG_WARN_QUOTED_INCLUDE_IN_FRAMEWORK_HEADER = YES;
				CLANG_WARN_RANGE_LOOP_ANALYSIS = YES;
				CLANG_WARN_STRICT_PROTOTYPES = YES;
				CLANG_WARN_SUSPICIOUS_MOVE = YES;
				CLANG_WARN_UNGUARDED_AVAILABILITY = YES_AGGRESSIVE;
				CLANG_WARN_UNREACHABLE_CODE = YES;
				CLANG_WARN__DUPLICATE_METHOD_MATCH = YES;
				COPY_PHASE_STRIP = NO;
				DEBUG_INFORMATION_FORMAT = "dwarf-with-dsym";
				ENABLE_NS_ASSERTIONS = NO;
				ENABLE_STRICT_OBJC_MSGSEND = YES;
				GCC_C_LANGUAGE_STANDARD = gnu11;
				GCC_NO_COMMON_BLOCKS = YES;
				GCC_WARN_64_TO_32_BIT_CONVERSION = YES;
				GCC_WARN_ABOUT_RETURN_TYPE = YES_ERROR;
				GCC_WARN_UNDECLARED_SELECTOR = YES;
				GCC_WARN_UNINITIALIZED_AUTOS = YES_AGGRESSIVE;
				GCC_WARN_UNUSED_FUNCTION = YES;
				GCC_WARN_UNUSED_VARIABLE = YES;
				IPHONEOS_DEPLOYMENT_TARGET = 16.0;
				MTL_ENABLE_DEBUG_INFO = NO;
				MTL_FAST_MATH = YES;
				SDKROOT = iphoneos;
				SWIFT_COMPILATION_MODE = wholemodule;
				SWIFT_OPTIMIZATION_LEVEL = "-O";
				VALIDATE_PRODUCT = YES;
			};
			name = Release;
		};
		8CD6B3C62A090FD700897ACA /* Debug */ = {
			isa = XCBuildConfiguration;
			buildSettings = {
				ASSETCATALOG_COMPILER_APPICON_NAME = AppIcon;
				ASSETCATALOG_COMPILER_GLOBAL_ACCENT_COLOR_NAME = AccentColor;
				CODE_SIGN_STYLE = Automatic;
				CURRENT_PROJECT_VERSION = 1;
				DEVELOPMENT_ASSET_PATHS = "\"XOGame/Preview Content\"";
				DEVELOPMENT_TEAM = VH6N2XGU8U;
				ENABLE_PREVIEWS = YES;
				GENERATE_INFOPLIST_FILE = YES;
				INFOPLIST_KEY_UIApplicationSceneManifest_Generation = YES;
				INFOPLIST_KEY_UIApplicationSupportsIndirectInputEvents = YES;
				INFOPLIST_KEY_UILaunchScreen_Generation = YES;
				INFOPLIST_KEY_UILaunchStoryboardName = "Launch Screen.storyboard";
				INFOPLIST_KEY_UISupportedInterfaceOrientations = UIInterfaceOrientationPortrait;
				INFOPLIST_KEY_UISupportedInterfaceOrientations_iPad = "UIInterfaceOrientationLandscapeLeft UIInterfaceOrientationLandscapeRight UIInterfaceOrientationPortrait UIInterfaceOrientationPortraitUpsideDown";
				IPHONEOS_DEPLOYMENT_TARGET = 16.0;
				LD_RUNPATH_SEARCH_PATHS = (
					"$(inherited)",
					"@executable_path/Frameworks",
				);
				MARKETING_VERSION = 1.0;
				PRODUCT_BUNDLE_IDENTIFIER = RM.XOGame;
				PRODUCT_NAME = "$(TARGET_NAME)";
				SWIFT_EMIT_LOC_STRINGS = YES;
				SWIFT_VERSION = 5.0;
				TARGETED_DEVICE_FAMILY = "1,2";
			};
			name = Debug;
		};
		8CD6B3C72A090FD700897ACA /* Release */ = {
			isa = XCBuildConfiguration;
			buildSettings = {
				ASSETCATALOG_COMPILER_APPICON_NAME = AppIcon;
				ASSETCATALOG_COMPILER_GLOBAL_ACCENT_COLOR_NAME = AccentColor;
				CODE_SIGN_STYLE = Automatic;
				CURRENT_PROJECT_VERSION = 1;
				DEVELOPMENT_ASSET_PATHS = "\"XOGame/Preview Content\"";
				DEVELOPMENT_TEAM = VH6N2XGU8U;
				ENABLE_PREVIEWS = YES;
				GENERATE_INFOPLIST_FILE = YES;
				INFOPLIST_KEY_UIApplicationSceneManifest_Generation = YES;
				INFOPLIST_KEY_UIApplicationSupportsIndirectInputEvents = YES;
				INFOPLIST_KEY_UILaunchScreen_Generation = YES;
				INFOPLIST_KEY_UILaunchStoryboardName = "Launch Screen.storyboard";
				INFOPLIST_KEY_UISupportedInterfaceOrientations = UIInterfaceOrientationPortrait;
				INFOPLIST_KEY_UISupportedInterfaceOrientations_iPad = "UIInterfaceOrientationLandscapeLeft UIInterfaceOrientationLandscapeRight UIInterfaceOrientationPortrait UIInterfaceOrientationPortraitUpsideDown";
				IPHONEOS_DEPLOYMENT_TARGET = 16.0;
				LD_RUNPATH_SEARCH_PATHS = (
					"$(inherited)",
					"@executable_path/Frameworks",
				);
				MARKETING_VERSION = 1.0;
				PRODUCT_BUNDLE_IDENTIFIER = RM.XOGame;
				PRODUCT_NAME = "$(TARGET_NAME)";
				SWIFT_EMIT_LOC_STRINGS = YES;
				SWIFT_VERSION = 5.0;
				TARGETED_DEVICE_FAMILY = "1,2";
			};
			name = Release;
		};
/* End XCBuildConfiguration section */

/* Begin XCConfigurationList section */
		8CD6B3B22A090FD600897ACA /* Build configuration list for PBXProject "XOGame" */ = {
			isa = XCConfigurationList;
			buildConfigurations = (
				8CD6B3C32A090FD700897ACA /* Debug */,
				8CD6B3C42A090FD700897ACA /* Release */,
			);
			defaultConfigurationIsVisible = 0;
			defaultConfigurationName = Release;
		};
		8CD6B3C52A090FD700897ACA /* Build configuration list for PBXNativeTarget "XOGame" */ = {
			isa = XCConfigurationList;
			buildConfigurations = (
				8CD6B3C62A090FD700897ACA /* Debug */,
				8CD6B3C72A090FD700897ACA /* Release */,
			);
			defaultConfigurationIsVisible = 0;
			defaultConfigurationName = Release;
		};
/* End XCConfigurationList section */
	};
	rootObject = 8CD6B3AF2A090FD600897ACA /* Project object */;
}
